// !$*UTF8*$!
{
	archiveVersion = 1;
	classes = {
	};
	objectVersion = 51;
	objects = {

/* Begin PBXBuildFile section */
		77E9A66734A2CB81CED7A0EF /* Pods_NewsAppTests.framework in Frameworks */ = {isa = PBXBuildFile; fileRef = 0876274BBCBBD3D113C3B4D3 /* Pods_NewsAppTests.framework */; };
		8836B07124D18011009E0A4A /* fill-heart.png in Resources */ = {isa = PBXBuildFile; fileRef = 8836B07024D18011009E0A4A /* fill-heart.png */; };
		8836B07324D1C042009E0A4A /* heart.png in Resources */ = {isa = PBXBuildFile; fileRef = 8836B07224D1C042009E0A4A /* heart.png */; };
		88E689CC24C6F81100041906 /* default.jpg in Resources */ = {isa = PBXBuildFile; fileRef = 88E689CB24C6F81100041906 /* default.jpg */; };
		A205542024BF2441001383D2 /* AppDelegate.swift in Sources */ = {isa = PBXBuildFile; fileRef = A205541F24BF2441001383D2 /* AppDelegate.swift */; };
		A205542924BF2446001383D2 /* Assets.xcassets in Resources */ = {isa = PBXBuildFile; fileRef = A205542824BF2446001383D2 /* Assets.xcassets */; };
		A205543724BF2446001383D2 /* NewsAppTests.swift in Sources */ = {isa = PBXBuildFile; fileRef = A205543624BF2446001383D2 /* NewsAppTests.swift */; };
		A205545324BF24DD001383D2 /* NewsCell.swift in Sources */ = {isa = PBXBuildFile; fileRef = A205545124BF24DD001383D2 /* NewsCell.swift */; };
		A205545424BF24DD001383D2 /* NewsCell.xib in Resources */ = {isa = PBXBuildFile; fileRef = A205545224BF24DD001383D2 /* NewsCell.xib */; };
		A205545624BF272E001383D2 /* NewsViewController.swift in Sources */ = {isa = PBXBuildFile; fileRef = A205545524BF272E001383D2 /* NewsViewController.swift */; };
		A205545824BF2A13001383D2 /* News.swift in Sources */ = {isa = PBXBuildFile; fileRef = A205545724BF2A13001383D2 /* News.swift */; };
		A205545A24BF2EF1001383D2 /* Observable.swift in Sources */ = {isa = PBXBuildFile; fileRef = A205545924BF2EF1001383D2 /* Observable.swift */; };
		A205545E24BF2F6A001383D2 /* NewsAPI.swift in Sources */ = {isa = PBXBuildFile; fileRef = A205545D24BF2F6A001383D2 /* NewsAPI.swift */; };
		A205546024BF3AB3001383D2 /* Constants.swift in Sources */ = {isa = PBXBuildFile; fileRef = A205545F24BF3AB3001383D2 /* Constants.swift */; };
		A205546224BF3DE5001383D2 /* NetworkManger.swift in Sources */ = {isa = PBXBuildFile; fileRef = A205546124BF3DE5001383D2 /* NetworkManger.swift */; };
		A205546524BF4DD3001383D2 /* NewsListViewModel.swift in Sources */ = {isa = PBXBuildFile; fileRef = A205546424BF4DD3001383D2 /* NewsListViewModel.swift */; };
		A205546724BF4EFB001383D2 /* State.swift in Sources */ = {isa = PBXBuildFile; fileRef = A205546624BF4EFB001383D2 /* State.swift */; };
		A205546924BF572D001383D2 /* NewsCellViewModel.swift in Sources */ = {isa = PBXBuildFile; fileRef = A205546824BF572D001383D2 /* NewsCellViewModel.swift */; };
		A210B05824CD657400BDFEBF /* FavoriteViewController.swift in Sources */ = {isa = PBXBuildFile; fileRef = A210B05724CD657400BDFEBF /* FavoriteViewController.swift */; };
		A210B05C24CD6C6D00BDFEBF /* DataManger.swift in Sources */ = {isa = PBXBuildFile; fileRef = A210B05B24CD6C6D00BDFEBF /* DataManger.swift */; };
		A210B05E24CD6CFE00BDFEBF /* RealmDataManger.swift in Sources */ = {isa = PBXBuildFile; fileRef = A210B05D24CD6CFE00BDFEBF /* RealmDataManger.swift */; };
		A210B06124CD6D8E00BDFEBF /* Provider.swift in Sources */ = {isa = PBXBuildFile; fileRef = A210B06024CD6D8E00BDFEBF /* Provider.swift */; };
		A210B06424CD6DE500BDFEBF /* Mapper.swift in Sources */ = {isa = PBXBuildFile; fileRef = A210B06324CD6DE500BDFEBF /* Mapper.swift */; };
		A210B06724CD6E4600BDFEBF /* BaseDataRepo.swift in Sources */ = {isa = PBXBuildFile; fileRef = A210B06624CD6E4600BDFEBF /* BaseDataRepo.swift */; };
		A210B06924CD6E6C00BDFEBF /* NewsDataRepo.swift in Sources */ = {isa = PBXBuildFile; fileRef = A210B06824CD6E6C00BDFEBF /* NewsDataRepo.swift */; };
		A210B06B24CD6EE600BDFEBF /* News + Realm.swift in Sources */ = {isa = PBXBuildFile; fileRef = A210B06A24CD6EE600BDFEBF /* News + Realm.swift */; };
		A210B06D24CD7EBB00BDFEBF /* FavoriteViewModel.swift in Sources */ = {isa = PBXBuildFile; fileRef = A210B06C24CD7EBB00BDFEBF /* FavoriteViewModel.swift */; };
		A210B06F24CDAEE700BDFEBF /* FavoritVC + D & D.swift in Sources */ = {isa = PBXBuildFile; fileRef = A210B06E24CDAEE700BDFEBF /* FavoritVC + D & D.swift */; };
		A211027624C5D44200E2EA40 /* NewsCellDataSource.swift in Sources */ = {isa = PBXBuildFile; fileRef = A211027524C5D44200E2EA40 /* NewsCellDataSource.swift */; };
		A211027824C5DEFD00E2EA40 /* BaseViewController.swift in Sources */ = {isa = PBXBuildFile; fileRef = A211027724C5DEFD00E2EA40 /* BaseViewController.swift */; };
		A21B693324C70125004206E8 /* BaseCardView.swift in Sources */ = {isa = PBXBuildFile; fileRef = A21B693224C70125004206E8 /* BaseCardView.swift */; };
		A23B590A24C87AE900C5CAA1 /* NewsVC + Handle Search.swift in Sources */ = {isa = PBXBuildFile; fileRef = A23B590924C87AE900C5CAA1 /* NewsVC + Handle Search.swift */; };
		A252509D24FF89E200B1E7DD /* Coordinator.swift in Sources */ = {isa = PBXBuildFile; fileRef = A252509C24FF89E200B1E7DD /* Coordinator.swift */; };
		A252509F24FF8A4100B1E7DD /* ViewControllerGeneration.swift in Sources */ = {isa = PBXBuildFile; fileRef = A252509E24FF8A4100B1E7DD /* ViewControllerGeneration.swift */; };
		A25250A124FF8A6100B1E7DD /* MainCoordinator.swift in Sources */ = {isa = PBXBuildFile; fileRef = A25250A024FF8A6100B1E7DD /* MainCoordinator.swift */; };
		A25250A424FF8BEC00B1E7DD /* MainTabbarViewController.swift in Sources */ = {isa = PBXBuildFile; fileRef = A25250A324FF8BEC00B1E7DD /* MainTabbarViewController.swift */; };
		A25250A624FF9D2400B1E7DD /* NewsSourceCoordinator.swift in Sources */ = {isa = PBXBuildFile; fileRef = A25250A524FF9D2400B1E7DD /* NewsSourceCoordinator.swift */; };
		A25250A924FFA28E00B1E7DD /* SafariCoordinator.swift in Sources */ = {isa = PBXBuildFile; fileRef = A25250A824FFA28E00B1E7DD /* SafariCoordinator.swift */; };
		A2538D5824F2801F00897CCB /* NewsAppTestTarget.swift in Sources */ = {isa = PBXBuildFile; fileRef = A2538D5724F2801F00897CCB /* NewsAppTestTarget.swift */; };
		A2538D5F24F2805900897CCB /* SourceTest.swift in Sources */ = {isa = PBXBuildFile; fileRef = A2538D4F24F27AC100897CCB /* SourceTest.swift */; };
		A2538D6024F2805900897CCB /* NewsAppUnitTests.swift in Sources */ = {isa = PBXBuildFile; fileRef = A2538D4B24F25DED00897CCB /* NewsAppUnitTests.swift */; };
		A2538D6124F2805A00897CCB /* NewsAppUITests.swift in Sources */ = {isa = PBXBuildFile; fileRef = A205544124BF2446001383D2 /* NewsAppUITests.swift */; };
		A2538D6224F2805A00897CCB /* NewsRepoTest.swift in Sources */ = {isa = PBXBuildFile; fileRef = A2538D4D24F26E3A00897CCB /* NewsRepoTest.swift */; };
		A2538D6424F28C8400897CCB /* RealmMangerMock.swift in Sources */ = {isa = PBXBuildFile; fileRef = A2538D6324F28C8400897CCB /* RealmMangerMock.swift */; };
		A2538D6624F28CC000897CCB /* NetworkMock.swift in Sources */ = {isa = PBXBuildFile; fileRef = A2538D6524F28CC000897CCB /* NetworkMock.swift */; };
		A2538D6824F28ECE00897CCB /* DataMangerUnitCase.swift in Sources */ = {isa = PBXBuildFile; fileRef = A2538D6724F28ECE00897CCB /* DataMangerUnitCase.swift */; };
		A2538D6A24F2A85200897CCB /* TestWithMockit.swift in Sources */ = {isa = PBXBuildFile; fileRef = A2538D6924F2A85200897CCB /* TestWithMockit.swift */; };
		A254CC2C24C43ECD00DC4109 /* BaseViewModel.swift in Sources */ = {isa = PBXBuildFile; fileRef = A254CC2B24C43ECD00DC4109 /* BaseViewModel.swift */; };
		A254CC2E24C43EE900DC4109 /* ViewModelProtocol.swift in Sources */ = {isa = PBXBuildFile; fileRef = A254CC2D24C43EE900DC4109 /* ViewModelProtocol.swift */; };
		A254CC3024C43FF400DC4109 /* CellsViewModelProtocol.swift in Sources */ = {isa = PBXBuildFile; fileRef = A254CC2F24C43FF400DC4109 /* CellsViewModelProtocol.swift */; };
		A254CC3224C4477100DC4109 /* NewsRepoProtocol.swift in Sources */ = {isa = PBXBuildFile; fileRef = A254CC3124C4477100DC4109 /* NewsRepoProtocol.swift */; };
		A254CC3424C4481100DC4109 /* Error.swift in Sources */ = {isa = PBXBuildFile; fileRef = A254CC3324C4481000DC4109 /* Error.swift */; };
		A254CC6F24C47F6900DC4109 /* Source.swift in Sources */ = {isa = PBXBuildFile; fileRef = A254CC6E24C47F6900DC4109 /* Source.swift */; };
		A254CC7124C48AE800DC4109 /* SourceViewModel.swift in Sources */ = {isa = PBXBuildFile; fileRef = A254CC7024C48AE800DC4109 /* SourceViewModel.swift */; };
		A254CC7324C49C3B00DC4109 /* SourceFilterViewModel.swift in Sources */ = {isa = PBXBuildFile; fileRef = A254CC7224C49C3B00DC4109 /* SourceFilterViewModel.swift */; };
		A25A410B24C0400400A2DA10 /* UIViewController + Activity indicator.swift in Sources */ = {isa = PBXBuildFile; fileRef = A25A410A24C0400400A2DA10 /* UIViewController + Activity indicator.swift */; };
		A25A411124C042CB00A2DA10 /* Repo.swift in Sources */ = {isa = PBXBuildFile; fileRef = A25A411024C042CB00A2DA10 /* Repo.swift */; };
		A25A411624C051C600A2DA10 /* Main.storyboard in Resources */ = {isa = PBXBuildFile; fileRef = A25A411224C051C500A2DA10 /* Main.storyboard */; };
		A25A411724C051C600A2DA10 /* LaunchScreen.storyboard in Resources */ = {isa = PBXBuildFile; fileRef = A25A411424C051C600A2DA10 /* LaunchScreen.storyboard */; };
		A25A412124C096C100A2DA10 /* SafariViewController.swift in Sources */ = {isa = PBXBuildFile; fileRef = A25A412024C096C100A2DA10 /* SafariViewController.swift */; };
		A25F02A924E97B1400FFE613 /* Swinject.framework in Frameworks */ = {isa = PBXBuildFile; fileRef = A25F02A824E97B1400FFE613 /* Swinject.framework */; };
		A25F02AA24E97B1500FFE613 /* Swinject.framework in Embed Frameworks */ = {isa = PBXBuildFile; fileRef = A25F02A824E97B1400FFE613 /* Swinject.framework */; settings = {ATTRIBUTES = (RemoveHeadersOnCopy, ); }; };
		A275453724CEB66F00BE750D /* UITableView + HandleEmpty.swift in Sources */ = {isa = PBXBuildFile; fileRef = A275453624CEB66F00BE750D /* UITableView + HandleEmpty.swift */; };
		A275453A24CEC8F500BE750D /* NewsSourceViewController.swift in Sources */ = {isa = PBXBuildFile; fileRef = A275453924CEC8F500BE750D /* NewsSourceViewController.swift */; };
		A275453C24CECC4B00BE750D /* NewsSource + tableView.swift in Sources */ = {isa = PBXBuildFile; fileRef = A275453B24CECC4B00BE750D /* NewsSource + tableView.swift */; };
		A27D05F624C589EB00F878F3 /* BaseSourceViewModel.swift in Sources */ = {isa = PBXBuildFile; fileRef = A27D05F524C589EB00F878F3 /* BaseSourceViewModel.swift */; };
		A27D05F824C590D700F878F3 /* NewsVC + delegats and datasource.swift in Sources */ = {isa = PBXBuildFile; fileRef = A27D05F724C590D700F878F3 /* NewsVC + delegats and datasource.swift */; };
		CC248F332C452B7D520D742F /* Pods_NewsApp.framework in Frameworks */ = {isa = PBXBuildFile; fileRef = 55CF4E1075BD555A75CFB616 /* Pods_NewsApp.framework */; };
/* End PBXBuildFile section */

/* Begin PBXContainerItemProxy section */
		A205543324BF2446001383D2 /* PBXContainerItemProxy */ = {
			isa = PBXContainerItemProxy;
			containerPortal = A205541424BF2441001383D2 /* Project object */;
			proxyType = 1;
			remoteGlobalIDString = A205541B24BF2441001383D2;
			remoteInfo = NewsApp;
		};
		A2538D5A24F2801F00897CCB /* PBXContainerItemProxy */ = {
			isa = PBXContainerItemProxy;
			containerPortal = A205541424BF2441001383D2 /* Project object */;
			proxyType = 1;
			remoteGlobalIDString = A205541B24BF2441001383D2;
			remoteInfo = NewsApp;
		};
/* End PBXContainerItemProxy section */

/* Begin PBXCopyFilesBuildPhase section */
		A25F02AB24E97B1500FFE613 /* Embed Frameworks */ = {
			isa = PBXCopyFilesBuildPhase;
			buildActionMask = 2147483647;
			dstPath = "";
			dstSubfolderSpec = 10;
			files = (
				A25F02AA24E97B1500FFE613 /* Swinject.framework in Embed Frameworks */,
			);
			name = "Embed Frameworks";
			runOnlyForDeploymentPostprocessing = 0;
		};
/* End PBXCopyFilesBuildPhase section */

/* Begin PBXFileReference section */
		0876274BBCBBD3D113C3B4D3 /* Pods_NewsAppTests.framework */ = {isa = PBXFileReference; explicitFileType = wrapper.framework; includeInIndex = 0; path = Pods_NewsAppTests.framework; sourceTree = BUILT_PRODUCTS_DIR; };
		1FC5FB7203CBFE9DF30DACB4 /* Pods-NewsApp.release.xcconfig */ = {isa = PBXFileReference; includeInIndex = 1; lastKnownFileType = text.xcconfig; name = "Pods-NewsApp.release.xcconfig"; path = "Target Support Files/Pods-NewsApp/Pods-NewsApp.release.xcconfig"; sourceTree = "<group>"; };
		46BAC980729AC37F9A28BB5F /* Pods-NewsApp-NewsAppUITests.release.xcconfig */ = {isa = PBXFileReference; includeInIndex = 1; lastKnownFileType = text.xcconfig; name = "Pods-NewsApp-NewsAppUITests.release.xcconfig"; path = "Target Support Files/Pods-NewsApp-NewsAppUITests/Pods-NewsApp-NewsAppUITests.release.xcconfig"; sourceTree = "<group>"; };
		55CF4E1075BD555A75CFB616 /* Pods_NewsApp.framework */ = {isa = PBXFileReference; explicitFileType = wrapper.framework; includeInIndex = 0; path = Pods_NewsApp.framework; sourceTree = BUILT_PRODUCTS_DIR; };
		7894C6248EF4BB7511098215 /* Pods-NewsAppTests.release.xcconfig */ = {isa = PBXFileReference; includeInIndex = 1; lastKnownFileType = text.xcconfig; name = "Pods-NewsAppTests.release.xcconfig"; path = "Target Support Files/Pods-NewsAppTests/Pods-NewsAppTests.release.xcconfig"; sourceTree = "<group>"; };
		7F71BECF70AF0C5AE1C1F410 /* Pods-NewsApp.debug.xcconfig */ = {isa = PBXFileReference; includeInIndex = 1; lastKnownFileType = text.xcconfig; name = "Pods-NewsApp.debug.xcconfig"; path = "Target Support Files/Pods-NewsApp/Pods-NewsApp.debug.xcconfig"; sourceTree = "<group>"; };
		8836B07024D18011009E0A4A /* fill-heart.png */ = {isa = PBXFileReference; lastKnownFileType = image.png; path = "fill-heart.png"; sourceTree = "<group>"; };
		8836B07224D1C042009E0A4A /* heart.png */ = {isa = PBXFileReference; lastKnownFileType = image.png; path = heart.png; sourceTree = "<group>"; };
		88E689CB24C6F81100041906 /* default.jpg */ = {isa = PBXFileReference; lastKnownFileType = image.jpeg; path = default.jpg; sourceTree = "<group>"; };
		8BA54E8BFFCB08ED5DAC26D9 /* Pods_NewsApp_NewsAppUITests.framework */ = {isa = PBXFileReference; explicitFileType = wrapper.framework; includeInIndex = 0; path = Pods_NewsApp_NewsAppUITests.framework; sourceTree = BUILT_PRODUCTS_DIR; };
		91361075ABF2B9D3CA0196A0 /* Pods-NewsAppTests.debug.xcconfig */ = {isa = PBXFileReference; includeInIndex = 1; lastKnownFileType = text.xcconfig; name = "Pods-NewsAppTests.debug.xcconfig"; path = "Target Support Files/Pods-NewsAppTests/Pods-NewsAppTests.debug.xcconfig"; sourceTree = "<group>"; };
		A205541C24BF2441001383D2 /* NewsApp.app */ = {isa = PBXFileReference; explicitFileType = wrapper.application; includeInIndex = 0; path = NewsApp.app; sourceTree = BUILT_PRODUCTS_DIR; };
		A205541F24BF2441001383D2 /* AppDelegate.swift */ = {isa = PBXFileReference; lastKnownFileType = sourcecode.swift; path = AppDelegate.swift; sourceTree = "<group>"; };
		A205542824BF2446001383D2 /* Assets.xcassets */ = {isa = PBXFileReference; lastKnownFileType = folder.assetcatalog; path = Assets.xcassets; sourceTree = "<group>"; };
		A205543224BF2446001383D2 /* NewsAppTests.xctest */ = {isa = PBXFileReference; explicitFileType = wrapper.cfbundle; includeInIndex = 0; path = NewsAppTests.xctest; sourceTree = BUILT_PRODUCTS_DIR; };
		A205543624BF2446001383D2 /* NewsAppTests.swift */ = {isa = PBXFileReference; lastKnownFileType = sourcecode.swift; path = NewsAppTests.swift; sourceTree = "<group>"; };
		A205543824BF2446001383D2 /* Info.plist */ = {isa = PBXFileReference; lastKnownFileType = text.plist.xml; path = Info.plist; sourceTree = "<group>"; };
		A205544124BF2446001383D2 /* NewsAppUITests.swift */ = {isa = PBXFileReference; lastKnownFileType = sourcecode.swift; path = NewsAppUITests.swift; sourceTree = "<group>"; };
		A205545124BF24DD001383D2 /* NewsCell.swift */ = {isa = PBXFileReference; lastKnownFileType = sourcecode.swift; path = NewsCell.swift; sourceTree = "<group>"; };
		A205545224BF24DD001383D2 /* NewsCell.xib */ = {isa = PBXFileReference; lastKnownFileType = file.xib; path = NewsCell.xib; sourceTree = "<group>"; };
		A205545524BF272E001383D2 /* NewsViewController.swift */ = {isa = PBXFileReference; lastKnownFileType = sourcecode.swift; path = NewsViewController.swift; sourceTree = "<group>"; };
		A205545724BF2A13001383D2 /* News.swift */ = {isa = PBXFileReference; lastKnownFileType = sourcecode.swift; path = News.swift; sourceTree = "<group>"; };
		A205545924BF2EF1001383D2 /* Observable.swift */ = {isa = PBXFileReference; lastKnownFileType = sourcecode.swift; path = Observable.swift; sourceTree = "<group>"; };
		A205545D24BF2F6A001383D2 /* NewsAPI.swift */ = {isa = PBXFileReference; lastKnownFileType = sourcecode.swift; path = NewsAPI.swift; sourceTree = "<group>"; };
		A205545F24BF3AB3001383D2 /* Constants.swift */ = {isa = PBXFileReference; lastKnownFileType = sourcecode.swift; path = Constants.swift; sourceTree = "<group>"; };
		A205546124BF3DE5001383D2 /* NetworkManger.swift */ = {isa = PBXFileReference; lastKnownFileType = sourcecode.swift; path = NetworkManger.swift; sourceTree = "<group>"; };
		A205546424BF4DD3001383D2 /* NewsListViewModel.swift */ = {isa = PBXFileReference; lastKnownFileType = sourcecode.swift; path = NewsListViewModel.swift; sourceTree = "<group>"; };
		A205546624BF4EFB001383D2 /* State.swift */ = {isa = PBXFileReference; lastKnownFileType = sourcecode.swift; path = State.swift; sourceTree = "<group>"; };
		A205546824BF572D001383D2 /* NewsCellViewModel.swift */ = {isa = PBXFileReference; lastKnownFileType = sourcecode.swift; path = NewsCellViewModel.swift; sourceTree = "<group>"; };
		A210B05724CD657400BDFEBF /* FavoriteViewController.swift */ = {isa = PBXFileReference; lastKnownFileType = sourcecode.swift; path = FavoriteViewController.swift; sourceTree = "<group>"; };
		A210B05B24CD6C6D00BDFEBF /* DataManger.swift */ = {isa = PBXFileReference; lastKnownFileType = sourcecode.swift; path = DataManger.swift; sourceTree = "<group>"; };
		A210B05D24CD6CFE00BDFEBF /* RealmDataManger.swift */ = {isa = PBXFileReference; lastKnownFileType = sourcecode.swift; path = RealmDataManger.swift; sourceTree = "<group>"; };
		A210B06024CD6D8E00BDFEBF /* Provider.swift */ = {isa = PBXFileReference; lastKnownFileType = sourcecode.swift; path = Provider.swift; sourceTree = "<group>"; };
		A210B06324CD6DE500BDFEBF /* Mapper.swift */ = {isa = PBXFileReference; lastKnownFileType = sourcecode.swift; path = Mapper.swift; sourceTree = "<group>"; };
		A210B06624CD6E4600BDFEBF /* BaseDataRepo.swift */ = {isa = PBXFileReference; lastKnownFileType = sourcecode.swift; path = BaseDataRepo.swift; sourceTree = "<group>"; };
		A210B06824CD6E6C00BDFEBF /* NewsDataRepo.swift */ = {isa = PBXFileReference; lastKnownFileType = sourcecode.swift; path = NewsDataRepo.swift; sourceTree = "<group>"; };
		A210B06A24CD6EE600BDFEBF /* News + Realm.swift */ = {isa = PBXFileReference; lastKnownFileType = sourcecode.swift; path = "News + Realm.swift"; sourceTree = "<group>"; };
		A210B06C24CD7EBB00BDFEBF /* FavoriteViewModel.swift */ = {isa = PBXFileReference; lastKnownFileType = sourcecode.swift; path = FavoriteViewModel.swift; sourceTree = "<group>"; };
		A210B06E24CDAEE700BDFEBF /* FavoritVC + D & D.swift */ = {isa = PBXFileReference; lastKnownFileType = sourcecode.swift; path = "FavoritVC + D & D.swift"; sourceTree = "<group>"; };
		A211027524C5D44200E2EA40 /* NewsCellDataSource.swift */ = {isa = PBXFileReference; lastKnownFileType = sourcecode.swift; path = NewsCellDataSource.swift; sourceTree = "<group>"; };
		A211027724C5DEFD00E2EA40 /* BaseViewController.swift */ = {isa = PBXFileReference; lastKnownFileType = sourcecode.swift; path = BaseViewController.swift; sourceTree = "<group>"; };
		A21B693224C70125004206E8 /* BaseCardView.swift */ = {isa = PBXFileReference; lastKnownFileType = sourcecode.swift; path = BaseCardView.swift; sourceTree = "<group>"; };
		A23B590924C87AE900C5CAA1 /* NewsVC + Handle Search.swift */ = {isa = PBXFileReference; lastKnownFileType = sourcecode.swift; path = "NewsVC + Handle Search.swift"; sourceTree = "<group>"; };
		A252509C24FF89E200B1E7DD /* Coordinator.swift */ = {isa = PBXFileReference; lastKnownFileType = sourcecode.swift; path = Coordinator.swift; sourceTree = "<group>"; };
		A252509E24FF8A4100B1E7DD /* ViewControllerGeneration.swift */ = {isa = PBXFileReference; lastKnownFileType = sourcecode.swift; path = ViewControllerGeneration.swift; sourceTree = "<group>"; };
		A25250A024FF8A6100B1E7DD /* MainCoordinator.swift */ = {isa = PBXFileReference; lastKnownFileType = sourcecode.swift; path = MainCoordinator.swift; sourceTree = "<group>"; };
		A25250A324FF8BEC00B1E7DD /* MainTabbarViewController.swift */ = {isa = PBXFileReference; lastKnownFileType = sourcecode.swift; path = MainTabbarViewController.swift; sourceTree = "<group>"; };
		A25250A524FF9D2400B1E7DD /* NewsSourceCoordinator.swift */ = {isa = PBXFileReference; lastKnownFileType = sourcecode.swift; path = NewsSourceCoordinator.swift; sourceTree = "<group>"; };
		A25250A824FFA28E00B1E7DD /* SafariCoordinator.swift */ = {isa = PBXFileReference; lastKnownFileType = sourcecode.swift; path = SafariCoordinator.swift; sourceTree = "<group>"; };
		A2538D4B24F25DED00897CCB /* NewsAppUnitTests.swift */ = {isa = PBXFileReference; lastKnownFileType = sourcecode.swift; path = NewsAppUnitTests.swift; sourceTree = "<group>"; };
		A2538D4D24F26E3A00897CCB /* NewsRepoTest.swift */ = {isa = PBXFileReference; lastKnownFileType = sourcecode.swift; path = NewsRepoTest.swift; sourceTree = "<group>"; };
		A2538D4F24F27AC100897CCB /* SourceTest.swift */ = {isa = PBXFileReference; lastKnownFileType = sourcecode.swift; path = SourceTest.swift; sourceTree = "<group>"; };
		A2538D5524F2801F00897CCB /* NewsAppTestTarget.xctest */ = {isa = PBXFileReference; explicitFileType = wrapper.cfbundle; includeInIndex = 0; path = NewsAppTestTarget.xctest; sourceTree = BUILT_PRODUCTS_DIR; };
		A2538D5724F2801F00897CCB /* NewsAppTestTarget.swift */ = {isa = PBXFileReference; lastKnownFileType = sourcecode.swift; path = NewsAppTestTarget.swift; sourceTree = "<group>"; };
		A2538D5924F2801F00897CCB /* Info.plist */ = {isa = PBXFileReference; lastKnownFileType = text.plist.xml; path = Info.plist; sourceTree = "<group>"; };
		A2538D6324F28C8400897CCB /* RealmMangerMock.swift */ = {isa = PBXFileReference; lastKnownFileType = sourcecode.swift; path = RealmMangerMock.swift; sourceTree = "<group>"; };
		A2538D6524F28CC000897CCB /* NetworkMock.swift */ = {isa = PBXFileReference; lastKnownFileType = sourcecode.swift; path = NetworkMock.swift; sourceTree = "<group>"; };
		A2538D6724F28ECE00897CCB /* DataMangerUnitCase.swift */ = {isa = PBXFileReference; lastKnownFileType = sourcecode.swift; path = DataMangerUnitCase.swift; sourceTree = "<group>"; };
		A2538D6924F2A85200897CCB /* TestWithMockit.swift */ = {isa = PBXFileReference; lastKnownFileType = sourcecode.swift; path = TestWithMockit.swift; sourceTree = "<group>"; };
		A254CC2B24C43ECD00DC4109 /* BaseViewModel.swift */ = {isa = PBXFileReference; lastKnownFileType = sourcecode.swift; path = BaseViewModel.swift; sourceTree = "<group>"; };
		A254CC2D24C43EE900DC4109 /* ViewModelProtocol.swift */ = {isa = PBXFileReference; lastKnownFileType = sourcecode.swift; path = ViewModelProtocol.swift; sourceTree = "<group>"; };
		A254CC2F24C43FF400DC4109 /* CellsViewModelProtocol.swift */ = {isa = PBXFileReference; lastKnownFileType = sourcecode.swift; path = CellsViewModelProtocol.swift; sourceTree = "<group>"; };
		A254CC3124C4477100DC4109 /* NewsRepoProtocol.swift */ = {isa = PBXFileReference; lastKnownFileType = sourcecode.swift; path = NewsRepoProtocol.swift; sourceTree = "<group>"; };
		A254CC3324C4481000DC4109 /* Error.swift */ = {isa = PBXFileReference; lastKnownFileType = sourcecode.swift; path = Error.swift; sourceTree = "<group>"; };
		A254CC6E24C47F6900DC4109 /* Source.swift */ = {isa = PBXFileReference; lastKnownFileType = sourcecode.swift; path = Source.swift; sourceTree = "<group>"; };
		A254CC7024C48AE800DC4109 /* SourceViewModel.swift */ = {isa = PBXFileReference; lastKnownFileType = sourcecode.swift; path = SourceViewModel.swift; sourceTree = "<group>"; };
		A254CC7224C49C3B00DC4109 /* SourceFilterViewModel.swift */ = {isa = PBXFileReference; lastKnownFileType = sourcecode.swift; path = SourceFilterViewModel.swift; sourceTree = "<group>"; };
		A25A410A24C0400400A2DA10 /* UIViewController + Activity indicator.swift */ = {isa = PBXFileReference; lastKnownFileType = sourcecode.swift; path = "UIViewController + Activity indicator.swift"; sourceTree = "<group>"; };
		A25A411024C042CB00A2DA10 /* Repo.swift */ = {isa = PBXFileReference; lastKnownFileType = sourcecode.swift; path = Repo.swift; sourceTree = "<group>"; };
		A25A411324C051C500A2DA10 /* Base */ = {isa = PBXFileReference; lastKnownFileType = file.storyboard; name = Base; path = NewsApp/Base.lproj/Main.storyboard; sourceTree = "<group>"; };
		A25A411524C051C600A2DA10 /* Base */ = {isa = PBXFileReference; lastKnownFileType = file.storyboard; name = Base; path = NewsApp/Base.lproj/LaunchScreen.storyboard; sourceTree = "<group>"; };
		A25A411824C0528600A2DA10 /* Info.plist */ = {isa = PBXFileReference; fileEncoding = 4; lastKnownFileType = text.plist.xml; path = Info.plist; sourceTree = "<group>"; };
		A25A412024C096C100A2DA10 /* SafariViewController.swift */ = {isa = PBXFileReference; lastKnownFileType = sourcecode.swift; path = SafariViewController.swift; sourceTree = "<group>"; };
		A25F02A824E97B1400FFE613 /* Swinject.framework */ = {isa = PBXFileReference; lastKnownFileType = wrapper.framework; name = Swinject.framework; path = Carthage/Build/iOS/Swinject.framework; sourceTree = "<group>"; };
		A275453624CEB66F00BE750D /* UITableView + HandleEmpty.swift */ = {isa = PBXFileReference; lastKnownFileType = sourcecode.swift; path = "UITableView + HandleEmpty.swift"; sourceTree = "<group>"; };
		A275453924CEC8F500BE750D /* NewsSourceViewController.swift */ = {isa = PBXFileReference; lastKnownFileType = sourcecode.swift; path = NewsSourceViewController.swift; sourceTree = "<group>"; };
		A275453B24CECC4B00BE750D /* NewsSource + tableView.swift */ = {isa = PBXFileReference; lastKnownFileType = sourcecode.swift; path = "NewsSource + tableView.swift"; sourceTree = "<group>"; };
		A27D05F524C589EB00F878F3 /* BaseSourceViewModel.swift */ = {isa = PBXFileReference; lastKnownFileType = sourcecode.swift; path = BaseSourceViewModel.swift; sourceTree = "<group>"; };
		A27D05F724C590D700F878F3 /* NewsVC + delegats and datasource.swift */ = {isa = PBXFileReference; lastKnownFileType = sourcecode.swift; path = "NewsVC + delegats and datasource.swift"; sourceTree = "<group>"; };
		A77AAB2D3983A1F4267549E6 /* Pods-NewsApp-NewsAppUITests.debug.xcconfig */ = {isa = PBXFileReference; includeInIndex = 1; lastKnownFileType = text.xcconfig; name = "Pods-NewsApp-NewsAppUITests.debug.xcconfig"; path = "Target Support Files/Pods-NewsApp-NewsAppUITests/Pods-NewsApp-NewsAppUITests.debug.xcconfig"; sourceTree = "<group>"; };
/* End PBXFileReference section */

/* Begin PBXFrameworksBuildPhase section */
		A205541924BF2441001383D2 /* Frameworks */ = {
			isa = PBXFrameworksBuildPhase;
			buildActionMask = 2147483647;
			files = (
				CC248F332C452B7D520D742F /* Pods_NewsApp.framework in Frameworks */,
				A25F02A924E97B1400FFE613 /* Swinject.framework in Frameworks */,
			);
			runOnlyForDeploymentPostprocessing = 0;
		};
		A205542F24BF2446001383D2 /* Frameworks */ = {
			isa = PBXFrameworksBuildPhase;
			buildActionMask = 2147483647;
			files = (
				77E9A66734A2CB81CED7A0EF /* Pods_NewsAppTests.framework in Frameworks */,
			);
			runOnlyForDeploymentPostprocessing = 0;
		};
		A2538D5224F2801F00897CCB /* Frameworks */ = {
			isa = PBXFrameworksBuildPhase;
			buildActionMask = 2147483647;
			files = (
			);
			runOnlyForDeploymentPostprocessing = 0;
		};
/* End PBXFrameworksBuildPhase section */

/* Begin PBXGroup section */
		39F0E22E48D57D1B0D4B81D3 /* Pods */ = {
			isa = PBXGroup;
			children = (
				7F71BECF70AF0C5AE1C1F410 /* Pods-NewsApp.debug.xcconfig */,
				1FC5FB7203CBFE9DF30DACB4 /* Pods-NewsApp.release.xcconfig */,
				A77AAB2D3983A1F4267549E6 /* Pods-NewsApp-NewsAppUITests.debug.xcconfig */,
				46BAC980729AC37F9A28BB5F /* Pods-NewsApp-NewsAppUITests.release.xcconfig */,
				91361075ABF2B9D3CA0196A0 /* Pods-NewsAppTests.debug.xcconfig */,
				7894C6248EF4BB7511098215 /* Pods-NewsAppTests.release.xcconfig */,
			);
			path = Pods;
			sourceTree = "<group>";
		};
		71C9CA84F18E7CCBB2A15C90 /* Frameworks */ = {
			isa = PBXGroup;
			children = (
				A25F02A824E97B1400FFE613 /* Swinject.framework */,
				55CF4E1075BD555A75CFB616 /* Pods_NewsApp.framework */,
				8BA54E8BFFCB08ED5DAC26D9 /* Pods_NewsApp_NewsAppUITests.framework */,
				0876274BBCBBD3D113C3B4D3 /* Pods_NewsAppTests.framework */,
			);
			name = Frameworks;
			sourceTree = "<group>";
		};
		A205541324BF2441001383D2 = {
			isa = PBXGroup;
			children = (
				A205541E24BF2441001383D2 /* NewsApp */,
				A25A411424C051C600A2DA10 /* LaunchScreen.storyboard */,
				A25A411224C051C500A2DA10 /* Main.storyboard */,
				A25A411824C0528600A2DA10 /* Info.plist */,
				A205543524BF2446001383D2 /* NewsAppTests */,
				A2538D5624F2801F00897CCB /* NewsAppTestTarget */,
				A205541D24BF2441001383D2 /* Products */,
				39F0E22E48D57D1B0D4B81D3 /* Pods */,
				71C9CA84F18E7CCBB2A15C90 /* Frameworks */,
			);
			sourceTree = "<group>";
		};
		A205541D24BF2441001383D2 /* Products */ = {
			isa = PBXGroup;
			children = (
				A205541C24BF2441001383D2 /* NewsApp.app */,
				A205543224BF2446001383D2 /* NewsAppTests.xctest */,
				A2538D5524F2801F00897CCB /* NewsAppTestTarget.xctest */,
			);
			name = Products;
			sourceTree = "<group>";
		};
		A205541E24BF2441001383D2 /* NewsApp */ = {
			isa = PBXGroup;
			children = (
				A252509B24FF899600B1E7DD /* CoordinatorSystem */,
				8836B07024D18011009E0A4A /* fill-heart.png */,
				88E689CB24C6F81100041906 /* default.jpg */,
				8836B07224D1C042009E0A4A /* heart.png */,
				A254CC2A24C43E9400DC4109 /* Bases */,
				A25A410E24C0419A00A2DA10 /* Application */,
				A25A410D24C0417800A2DA10 /* View */,
				A25A410924C03FD600A2DA10 /* Extension */,
				A210B05924CD693D00BDFEBF /* Database Layer */,
				A205546324BF4DB4001383D2 /* ViewModel */,
				A205545C24BF2F32001383D2 /* Network Layer */,
				A205545B24BF2F2D001383D2 /* Model */,
				A205542824BF2446001383D2 /* Assets.xcassets */,
				A25A410F24C041BE00A2DA10 /* ViewController */,
			);
			path = NewsApp;
			sourceTree = "<group>";
		};
		A205543524BF2446001383D2 /* NewsAppTests */ = {
			isa = PBXGroup;
			children = (
				A205543624BF2446001383D2 /* NewsAppTests.swift */,
				A2538D4B24F25DED00897CCB /* NewsAppUnitTests.swift */,
				A205544124BF2446001383D2 /* NewsAppUITests.swift */,
				A2538D4D24F26E3A00897CCB /* NewsRepoTest.swift */,
				A2538D4F24F27AC100897CCB /* SourceTest.swift */,
				A205543824BF2446001383D2 /* Info.plist */,
				A2538D6324F28C8400897CCB /* RealmMangerMock.swift */,
				A2538D6524F28CC000897CCB /* NetworkMock.swift */,
				A2538D6724F28ECE00897CCB /* DataMangerUnitCase.swift */,
				A2538D6924F2A85200897CCB /* TestWithMockit.swift */,
			);
			path = NewsAppTests;
			sourceTree = "<group>";
		};
		A205545B24BF2F2D001383D2 /* Model */ = {
			isa = PBXGroup;
			children = (
				A205545724BF2A13001383D2 /* News.swift */,
				A254CC6E24C47F6900DC4109 /* Source.swift */,
				A210B06A24CD6EE600BDFEBF /* News + Realm.swift */,
			);
			path = Model;
			sourceTree = "<group>";
		};
		A205545C24BF2F32001383D2 /* Network Layer */ = {
			isa = PBXGroup;
			children = (
				A205545D24BF2F6A001383D2 /* NewsAPI.swift */,
				A205545F24BF3AB3001383D2 /* Constants.swift */,
				A205546124BF3DE5001383D2 /* NetworkManger.swift */,
				A25A411024C042CB00A2DA10 /* Repo.swift */,
				A254CC3124C4477100DC4109 /* NewsRepoProtocol.swift */,
				A254CC3324C4481000DC4109 /* Error.swift */,
			);
			path = "Network Layer";
			sourceTree = "<group>";
		};
		A205546324BF4DB4001383D2 /* ViewModel */ = {
			isa = PBXGroup;
			children = (
				A25A410C24C0416D00A2DA10 /* Binding */,
				A254CC7024C48AE800DC4109 /* SourceViewModel.swift */,
				A205546824BF572D001383D2 /* NewsCellViewModel.swift */,
				A254CC7224C49C3B00DC4109 /* SourceFilterViewModel.swift */,
				A210B06C24CD7EBB00BDFEBF /* FavoriteViewModel.swift */,
				A205546424BF4DD3001383D2 /* NewsListViewModel.swift */,
			);
			path = ViewModel;
			sourceTree = "<group>";
		};
		A210B05624CD653400BDFEBF /* Favorite */ = {
			isa = PBXGroup;
			children = (
				A210B05724CD657400BDFEBF /* FavoriteViewController.swift */,
				A210B06E24CDAEE700BDFEBF /* FavoritVC + D & D.swift */,
			);
			path = Favorite;
			sourceTree = "<group>";
		};
		A210B05924CD693D00BDFEBF /* Database Layer */ = {
			isa = PBXGroup;
			children = (
				A210B06524CD6E0C00BDFEBF /* DataRepositories */,
				A210B06224CD6DB600BDFEBF /* Mapper */,
				A210B05F24CD6D5900BDFEBF /* Provider */,
				A210B05A24CD6B1500BDFEBF /* Mangers */,
			);
			path = "Database Layer";
			sourceTree = "<group>";
		};
		A210B05A24CD6B1500BDFEBF /* Mangers */ = {
			isa = PBXGroup;
			children = (
				A210B05B24CD6C6D00BDFEBF /* DataManger.swift */,
				A210B05D24CD6CFE00BDFEBF /* RealmDataManger.swift */,
			);
			path = Mangers;
			sourceTree = "<group>";
		};
		A210B05F24CD6D5900BDFEBF /* Provider */ = {
			isa = PBXGroup;
			children = (
				A210B06024CD6D8E00BDFEBF /* Provider.swift */,
			);
			path = Provider;
			sourceTree = "<group>";
		};
		A210B06224CD6DB600BDFEBF /* Mapper */ = {
			isa = PBXGroup;
			children = (
				A210B06324CD6DE500BDFEBF /* Mapper.swift */,
			);
			path = Mapper;
			sourceTree = "<group>";
		};
		A210B06524CD6E0C00BDFEBF /* DataRepositories */ = {
			isa = PBXGroup;
			children = (
				A210B06624CD6E4600BDFEBF /* BaseDataRepo.swift */,
				A210B06824CD6E6C00BDFEBF /* NewsDataRepo.swift */,
			);
			path = DataRepositories;
			sourceTree = "<group>";
		};
		A252509B24FF899600B1E7DD /* CoordinatorSystem */ = {
			isa = PBXGroup;
			children = (
				A252509C24FF89E200B1E7DD /* Coordinator.swift */,
				A252509E24FF8A4100B1E7DD /* ViewControllerGeneration.swift */,
				A25250A024FF8A6100B1E7DD /* MainCoordinator.swift */,
			);
			path = CoordinatorSystem;
			sourceTree = "<group>";
		};
		A25250A224FF8AA000B1E7DD /* TabbarViewController */ = {
			isa = PBXGroup;
			children = (
				A25250A324FF8BEC00B1E7DD /* MainTabbarViewController.swift */,
			);
			path = TabbarViewController;
			sourceTree = "<group>";
		};
		A25250A724FFA27700B1E7DD /* Safari */ = {
			isa = PBXGroup;
			children = (
				A25A412024C096C100A2DA10 /* SafariViewController.swift */,
				A25250A824FFA28E00B1E7DD /* SafariCoordinator.swift */,
			);
			path = Safari;
			sourceTree = "<group>";
		};
		A2538D5624F2801F00897CCB /* NewsAppTestTarget */ = {
			isa = PBXGroup;
			children = (
				A2538D5724F2801F00897CCB /* NewsAppTestTarget.swift */,
				A2538D5924F2801F00897CCB /* Info.plist */,
			);
			path = NewsAppTestTarget;
			sourceTree = "<group>";
		};
		A254CC2A24C43E9400DC4109 /* Bases */ = {
			isa = PBXGroup;
			children = (
				A254CC2B24C43ECD00DC4109 /* BaseViewModel.swift */,
				A254CC2D24C43EE900DC4109 /* ViewModelProtocol.swift */,
				A205546624BF4EFB001383D2 /* State.swift */,
				A254CC2F24C43FF400DC4109 /* CellsViewModelProtocol.swift */,
				A27D05F524C589EB00F878F3 /* BaseSourceViewModel.swift */,
				A211027724C5DEFD00E2EA40 /* BaseViewController.swift */,
			);
			path = Bases;
			sourceTree = "<group>";
		};
		A25A410924C03FD600A2DA10 /* Extension */ = {
			isa = PBXGroup;
			children = (
				A25A410A24C0400400A2DA10 /* UIViewController + Activity indicator.swift */,
				A275453624CEB66F00BE750D /* UITableView + HandleEmpty.swift */,
			);
			path = Extension;
			sourceTree = "<group>";
		};
		A25A410C24C0416D00A2DA10 /* Binding */ = {
			isa = PBXGroup;
			children = (
				A205545924BF2EF1001383D2 /* Observable.swift */,
			);
			path = Binding;
			sourceTree = "<group>";
		};
		A25A410D24C0417800A2DA10 /* View */ = {
			isa = PBXGroup;
			children = (
				A205545124BF24DD001383D2 /* NewsCell.swift */,
				A205545224BF24DD001383D2 /* NewsCell.xib */,
				A211027524C5D44200E2EA40 /* NewsCellDataSource.swift */,
				A21B693224C70125004206E8 /* BaseCardView.swift */,
			);
			path = View;
			sourceTree = "<group>";
		};
		A25A410E24C0419A00A2DA10 /* Application */ = {
			isa = PBXGroup;
			children = (
				A205541F24BF2441001383D2 /* AppDelegate.swift */,
			);
			path = Application;
			sourceTree = "<group>";
		};
		A25A410F24C041BE00A2DA10 /* ViewController */ = {
			isa = PBXGroup;
			children = (
				A25250A724FFA27700B1E7DD /* Safari */,
				A25250A224FF8AA000B1E7DD /* TabbarViewController */,
				A275453824CEC8D200BE750D /* NewsSourceScene */,
				A210B05624CD653400BDFEBF /* Favorite */,
				A27D05FB24C5AF0900F878F3 /* AllNewsScene */,
			);
			path = ViewController;
			sourceTree = "<group>";
		};
		A275453824CEC8D200BE750D /* NewsSourceScene */ = {
			isa = PBXGroup;
			children = (
				A275453924CEC8F500BE750D /* NewsSourceViewController.swift */,
				A275453B24CECC4B00BE750D /* NewsSource + tableView.swift */,
				A25250A524FF9D2400B1E7DD /* NewsSourceCoordinator.swift */,
			);
			path = NewsSourceScene;
			sourceTree = "<group>";
		};
		A27D05FB24C5AF0900F878F3 /* AllNewsScene */ = {
			isa = PBXGroup;
			children = (
				A205545524BF272E001383D2 /* NewsViewController.swift */,
				A27D05F724C590D700F878F3 /* NewsVC + delegats and datasource.swift */,
				A23B590924C87AE900C5CAA1 /* NewsVC + Handle Search.swift */,
			);
			path = AllNewsScene;
			sourceTree = "<group>";
		};
/* End PBXGroup section */

/* Begin PBXNativeTarget section */
		A205541B24BF2441001383D2 /* NewsApp */ = {
			isa = PBXNativeTarget;
			buildConfigurationList = A205544624BF2446001383D2 /* Build configuration list for PBXNativeTarget "NewsApp" */;
			buildPhases = (
				1228BA7EE6F78548DA627F85 /* [CP] Check Pods Manifest.lock */,
				A205541824BF2441001383D2 /* Sources */,
				A205541924BF2441001383D2 /* Frameworks */,
				A205541A24BF2441001383D2 /* Resources */,
				D22D31C746C6B2A88787D62C /* [CP] Embed Pods Frameworks */,
				A25F02AB24E97B1500FFE613 /* Embed Frameworks */,
				A25F02AC24E97B3300FFE613 /* ShellScript */,
			);
			buildRules = (
			);
			dependencies = (
			);
			name = NewsApp;
			productName = NewsApp;
			productReference = A205541C24BF2441001383D2 /* NewsApp.app */;
			productType = "com.apple.product-type.application";
		};
		A205543124BF2446001383D2 /* NewsAppTests */ = {
			isa = PBXNativeTarget;
			buildConfigurationList = A205544924BF2446001383D2 /* Build configuration list for PBXNativeTarget "NewsAppTests" */;
			buildPhases = (
				37F0A937AE9D3CBCEF8E4FC4 /* [CP] Check Pods Manifest.lock */,
				A205542E24BF2446001383D2 /* Sources */,
				A205542F24BF2446001383D2 /* Frameworks */,
				A205543024BF2446001383D2 /* Resources */,
			);
			buildRules = (
			);
			dependencies = (
				A205543424BF2446001383D2 /* PBXTargetDependency */,
			);
			name = NewsAppTests;
			productName = NewsAppTests;
			productReference = A205543224BF2446001383D2 /* NewsAppTests.xctest */;
			productType = "com.apple.product-type.bundle.unit-test";
		};
		A2538D5424F2801F00897CCB /* NewsAppTestTarget */ = {
			isa = PBXNativeTarget;
			buildConfigurationList = A2538D5C24F2801F00897CCB /* Build configuration list for PBXNativeTarget "NewsAppTestTarget" */;
			buildPhases = (
				A2538D5124F2801F00897CCB /* Sources */,
				A2538D5224F2801F00897CCB /* Frameworks */,
				A2538D5324F2801F00897CCB /* Resources */,
			);
			buildRules = (
			);
			dependencies = (
				A2538D5B24F2801F00897CCB /* PBXTargetDependency */,
			);
			name = NewsAppTestTarget;
			productName = NewsAppTestTarget;
			productReference = A2538D5524F2801F00897CCB /* NewsAppTestTarget.xctest */;
			productType = "com.apple.product-type.bundle.unit-test";
		};
/* End PBXNativeTarget section */

/* Begin PBXProject section */
		A205541424BF2441001383D2 /* Project object */ = {
			isa = PBXProject;
			attributes = {
				DefaultBuildSystemTypeForWorkspace = Latest;
				LastSwiftUpdateCheck = 1150;
				LastUpgradeCheck = 1160;
				ORGANIZATIONNAME = "Mohamed Korany";
				TargetAttributes = {
					A205541B24BF2441001383D2 = {
						CreatedOnToolsVersion = 11.5;
					};
					A205543124BF2446001383D2 = {
						CreatedOnToolsVersion = 11.5;
						TestTargetID = A205541B24BF2441001383D2;
					};
					A2538D5424F2801F00897CCB = {
						CreatedOnToolsVersion = 11.5;
						TestTargetID = A205541B24BF2441001383D2;
					};
				};
			};
			buildConfigurationList = A205541724BF2441001383D2 /* Build configuration list for PBXProject "NewsApp" */;
			compatibilityVersion = "Xcode 9.3";
			developmentRegion = en;
			hasScannedForEncodings = 0;
			knownRegions = (
				en,
				Base,
			);
			mainGroup = A205541324BF2441001383D2;
			productRefGroup = A205541D24BF2441001383D2 /* Products */;
			projectDirPath = "";
			projectRoot = "";
			targets = (
				A205541B24BF2441001383D2 /* NewsApp */,
				A205543124BF2446001383D2 /* NewsAppTests */,
				A2538D5424F2801F00897CCB /* NewsAppTestTarget */,
			);
		};
/* End PBXProject section */

/* Begin PBXResourcesBuildPhase section */
		A205541A24BF2441001383D2 /* Resources */ = {
			isa = PBXResourcesBuildPhase;
			buildActionMask = 2147483647;
			files = (
				A25A411624C051C600A2DA10 /* Main.storyboard in Resources */,
				A205542924BF2446001383D2 /* Assets.xcassets in Resources */,
				A25A411724C051C600A2DA10 /* LaunchScreen.storyboard in Resources */,
				8836B07324D1C042009E0A4A /* heart.png in Resources */,
				A205545424BF24DD001383D2 /* NewsCell.xib in Resources */,
				8836B07124D18011009E0A4A /* fill-heart.png in Resources */,
				88E689CC24C6F81100041906 /* default.jpg in Resources */,
			);
			runOnlyForDeploymentPostprocessing = 0;
		};
		A205543024BF2446001383D2 /* Resources */ = {
			isa = PBXResourcesBuildPhase;
			buildActionMask = 2147483647;
			files = (
			);
			runOnlyForDeploymentPostprocessing = 0;
		};
		A2538D5324F2801F00897CCB /* Resources */ = {
			isa = PBXResourcesBuildPhase;
			buildActionMask = 2147483647;
			files = (
			);
			runOnlyForDeploymentPostprocessing = 0;
		};
/* End PBXResourcesBuildPhase section */

/* Begin PBXShellScriptBuildPhase section */
		1228BA7EE6F78548DA627F85 /* [CP] Check Pods Manifest.lock */ = {
			isa = PBXShellScriptBuildPhase;
			buildActionMask = 2147483647;
			files = (
			);
			inputFileListPaths = (
			);
			inputPaths = (
				"${PODS_PODFILE_DIR_PATH}/Podfile.lock",
				"${PODS_ROOT}/Manifest.lock",
			);
			name = "[CP] Check Pods Manifest.lock";
			outputFileListPaths = (
			);
			outputPaths = (
				"$(DERIVED_FILE_DIR)/Pods-NewsApp-checkManifestLockResult.txt",
			);
			runOnlyForDeploymentPostprocessing = 0;
			shellPath = /bin/sh;
			shellScript = "diff \"${PODS_PODFILE_DIR_PATH}/Podfile.lock\" \"${PODS_ROOT}/Manifest.lock\" > /dev/null\nif [ $? != 0 ] ; then\n    # print error to STDERR\n    echo \"error: The sandbox is not in sync with the Podfile.lock. Run 'pod install' or update your CocoaPods installation.\" >&2\n    exit 1\nfi\n# This output is used by Xcode 'outputs' to avoid re-running this script phase.\necho \"SUCCESS\" > \"${SCRIPT_OUTPUT_FILE_0}\"\n";
			showEnvVarsInLog = 0;
		};
		37F0A937AE9D3CBCEF8E4FC4 /* [CP] Check Pods Manifest.lock */ = {
			isa = PBXShellScriptBuildPhase;
			buildActionMask = 2147483647;
			files = (
			);
			inputFileListPaths = (
			);
			inputPaths = (
				"${PODS_PODFILE_DIR_PATH}/Podfile.lock",
				"${PODS_ROOT}/Manifest.lock",
			);
			name = "[CP] Check Pods Manifest.lock";
			outputFileListPaths = (
			);
			outputPaths = (
				"$(DERIVED_FILE_DIR)/Pods-NewsAppTests-checkManifestLockResult.txt",
			);
			runOnlyForDeploymentPostprocessing = 0;
			shellPath = /bin/sh;
			shellScript = "diff \"${PODS_PODFILE_DIR_PATH}/Podfile.lock\" \"${PODS_ROOT}/Manifest.lock\" > /dev/null\nif [ $? != 0 ] ; then\n    # print error to STDERR\n    echo \"error: The sandbox is not in sync with the Podfile.lock. Run 'pod install' or update your CocoaPods installation.\" >&2\n    exit 1\nfi\n# This output is used by Xcode 'outputs' to avoid re-running this script phase.\necho \"SUCCESS\" > \"${SCRIPT_OUTPUT_FILE_0}\"\n";
			showEnvVarsInLog = 0;
		};
		A25F02AC24E97B3300FFE613 /* ShellScript */ = {
			isa = PBXShellScriptBuildPhase;
			buildActionMask = 8;
			files = (
			);
			inputFileListPaths = (
			);
			inputPaths = (
				"$(SRCROOT)/Carthage/Build/iOS/Swinject.framework",
			);
			outputFileListPaths = (
			);
			outputPaths = (
			);
			runOnlyForDeploymentPostprocessing = 1;
			shellPath = "/usr/local/bin/carthage copy-frameworks";
			shellScript = "# Type a script or drag a script file from your workspace to insert its path.\n";
		};
		D22D31C746C6B2A88787D62C /* [CP] Embed Pods Frameworks */ = {
			isa = PBXShellScriptBuildPhase;
			buildActionMask = 2147483647;
			files = (
			);
			inputFileListPaths = (
				"${PODS_ROOT}/Target Support Files/Pods-NewsApp/Pods-NewsApp-frameworks-${CONFIGURATION}-input-files.xcfilelist",
			);
			name = "[CP] Embed Pods Frameworks";
			outputFileListPaths = (
				"${PODS_ROOT}/Target Support Files/Pods-NewsApp/Pods-NewsApp-frameworks-${CONFIGURATION}-output-files.xcfilelist",
			);
			runOnlyForDeploymentPostprocessing = 0;
			shellPath = /bin/sh;
			shellScript = "\"${PODS_ROOT}/Target Support Files/Pods-NewsApp/Pods-NewsApp-frameworks.sh\"\n";
			showEnvVarsInLog = 0;
		};
/* End PBXShellScriptBuildPhase section */

/* Begin PBXSourcesBuildPhase section */
		A205541824BF2441001383D2 /* Sources */ = {
			isa = PBXSourcesBuildPhase;
			buildActionMask = 2147483647;
			files = (
				A252509F24FF8A4100B1E7DD /* ViewControllerGeneration.swift in Sources */,
				A205542024BF2441001383D2 /* AppDelegate.swift in Sources */,
				A210B05C24CD6C6D00BDFEBF /* DataManger.swift in Sources */,
				A252509D24FF89E200B1E7DD /* Coordinator.swift in Sources */,
				A205545324BF24DD001383D2 /* NewsCell.swift in Sources */,
				A210B05E24CD6CFE00BDFEBF /* RealmDataManger.swift in Sources */,
				A210B06724CD6E4600BDFEBF /* BaseDataRepo.swift in Sources */,
				A210B06F24CDAEE700BDFEBF /* FavoritVC + D & D.swift in Sources */,
				A210B06124CD6D8E00BDFEBF /* Provider.swift in Sources */,
				A205546924BF572D001383D2 /* NewsCellViewModel.swift in Sources */,
				A211027824C5DEFD00E2EA40 /* BaseViewController.swift in Sources */,
				A205546724BF4EFB001383D2 /* State.swift in Sources */,
				A25250A624FF9D2400B1E7DD /* NewsSourceCoordinator.swift in Sources */,
				A254CC2C24C43ECD00DC4109 /* BaseViewModel.swift in Sources */,
				A21B693324C70125004206E8 /* BaseCardView.swift in Sources */,
				A210B06424CD6DE500BDFEBF /* Mapper.swift in Sources */,
				A254CC3024C43FF400DC4109 /* CellsViewModelProtocol.swift in Sources */,
				A275453724CEB66F00BE750D /* UITableView + HandleEmpty.swift in Sources */,
				A254CC3224C4477100DC4109 /* NewsRepoProtocol.swift in Sources */,
				A254CC3424C4481100DC4109 /* Error.swift in Sources */,
				A205545824BF2A13001383D2 /* News.swift in Sources */,
				A25250A424FF8BEC00B1E7DD /* MainTabbarViewController.swift in Sources */,
				A210B06D24CD7EBB00BDFEBF /* FavoriteViewModel.swift in Sources */,
				A25A410B24C0400400A2DA10 /* UIViewController + Activity indicator.swift in Sources */,
				A25A412124C096C100A2DA10 /* SafariViewController.swift in Sources */,
				A25A411124C042CB00A2DA10 /* Repo.swift in Sources */,
				A205545A24BF2EF1001383D2 /* Observable.swift in Sources */,
				A205545E24BF2F6A001383D2 /* NewsAPI.swift in Sources */,
				A210B06924CD6E6C00BDFEBF /* NewsDataRepo.swift in Sources */,
				A254CC2E24C43EE900DC4109 /* ViewModelProtocol.swift in Sources */,
				A205546224BF3DE5001383D2 /* NetworkManger.swift in Sources */,
				A254CC6F24C47F6900DC4109 /* Source.swift in Sources */,
				A254CC7324C49C3B00DC4109 /* SourceFilterViewModel.swift in Sources */,
				A210B05824CD657400BDFEBF /* FavoriteViewController.swift in Sources */,
				A210B06B24CD6EE600BDFEBF /* News + Realm.swift in Sources */,
				A205546524BF4DD3001383D2 /* NewsListViewModel.swift in Sources */,
				A27D05F624C589EB00F878F3 /* BaseSourceViewModel.swift in Sources */,
				A275453C24CECC4B00BE750D /* NewsSource + tableView.swift in Sources */,
				A205545624BF272E001383D2 /* NewsViewController.swift in Sources */,
				A23B590A24C87AE900C5CAA1 /* NewsVC + Handle Search.swift in Sources */,
				A211027624C5D44200E2EA40 /* NewsCellDataSource.swift in Sources */,
				A27D05F824C590D700F878F3 /* NewsVC + delegats and datasource.swift in Sources */,
				A205546024BF3AB3001383D2 /* Constants.swift in Sources */,
				A275453A24CEC8F500BE750D /* NewsSourceViewController.swift in Sources */,
				A25250A124FF8A6100B1E7DD /* MainCoordinator.swift in Sources */,
				A254CC7124C48AE800DC4109 /* SourceViewModel.swift in Sources */,
				A25250A924FFA28E00B1E7DD /* SafariCoordinator.swift in Sources */,
			);
			runOnlyForDeploymentPostprocessing = 0;
		};
		A205542E24BF2446001383D2 /* Sources */ = {
			isa = PBXSourcesBuildPhase;
			buildActionMask = 2147483647;
			files = (
				A2538D6224F2805A00897CCB /* NewsRepoTest.swift in Sources */,
				A2538D6424F28C8400897CCB /* RealmMangerMock.swift in Sources */,
				A2538D6024F2805900897CCB /* NewsAppUnitTests.swift in Sources */,
				A2538D6824F28ECE00897CCB /* DataMangerUnitCase.swift in Sources */,
				A205543724BF2446001383D2 /* NewsAppTests.swift in Sources */,
				A2538D6124F2805A00897CCB /* NewsAppUITests.swift in Sources */,
				A2538D5F24F2805900897CCB /* SourceTest.swift in Sources */,
				A2538D6A24F2A85200897CCB /* TestWithMockit.swift in Sources */,
				A2538D6624F28CC000897CCB /* NetworkMock.swift in Sources */,
			);
			runOnlyForDeploymentPostprocessing = 0;
		};
		A2538D5124F2801F00897CCB /* Sources */ = {
			isa = PBXSourcesBuildPhase;
			buildActionMask = 2147483647;
			files = (
				A2538D5824F2801F00897CCB /* NewsAppTestTarget.swift in Sources */,
			);
			runOnlyForDeploymentPostprocessing = 0;
		};
/* End PBXSourcesBuildPhase section */

/* Begin PBXTargetDependency section */
		A205543424BF2446001383D2 /* PBXTargetDependency */ = {
			isa = PBXTargetDependency;
			target = A205541B24BF2441001383D2 /* NewsApp */;
			targetProxy = A205543324BF2446001383D2 /* PBXContainerItemProxy */;
		};
		A2538D5B24F2801F00897CCB /* PBXTargetDependency */ = {
			isa = PBXTargetDependency;
			target = A205541B24BF2441001383D2 /* NewsApp */;
			targetProxy = A2538D5A24F2801F00897CCB /* PBXContainerItemProxy */;
		};
/* End PBXTargetDependency section */

/* Begin PBXVariantGroup section */
		A25A411224C051C500A2DA10 /* Main.storyboard */ = {
			isa = PBXVariantGroup;
			children = (
				A25A411324C051C500A2DA10 /* Base */,
			);
			name = Main.storyboard;
			sourceTree = "<group>";
		};
		A25A411424C051C600A2DA10 /* LaunchScreen.storyboard */ = {
			isa = PBXVariantGroup;
			children = (
				A25A411524C051C600A2DA10 /* Base */,
			);
			name = LaunchScreen.storyboard;
			sourceTree = "<group>";
		};
/* End PBXVariantGroup section */

/* Begin XCBuildConfiguration section */
		A205544424BF2446001383D2 /* Debug */ = {
			isa = XCBuildConfiguration;
			buildSettings = {
				ALWAYS_SEARCH_USER_PATHS = NO;
				CLANG_ANALYZER_NONNULL = YES;
				CLANG_ANALYZER_NUMBER_OBJECT_CONVERSION = YES_AGGRESSIVE;
				CLANG_CXX_LANGUAGE_STANDARD = "gnu++14";
				CLANG_CXX_LIBRARY = "libc++";
				CLANG_ENABLE_MODULES = YES;
				CLANG_ENABLE_OBJC_ARC = YES;
				CLANG_ENABLE_OBJC_WEAK = YES;
				CLANG_WARN_BLOCK_CAPTURE_AUTORELEASING = YES;
				CLANG_WARN_BOOL_CONVERSION = YES;
				CLANG_WARN_COMMA = YES;
				CLANG_WARN_CONSTANT_CONVERSION = YES;
				CLANG_WARN_DEPRECATED_OBJC_IMPLEMENTATIONS = YES;
				CLANG_WARN_DIRECT_OBJC_ISA_USAGE = YES_ERROR;
				CLANG_WARN_DOCUMENTATION_COMMENTS = YES;
				CLANG_WARN_EMPTY_BODY = YES;
				CLANG_WARN_ENUM_CONVERSION = YES;
				CLANG_WARN_INFINITE_RECURSION = YES;
				CLANG_WARN_INT_CONVERSION = YES;
				CLANG_WARN_NON_LITERAL_NULL_CONVERSION = YES;
				CLANG_WARN_OBJC_IMPLICIT_RETAIN_SELF = YES;
				CLANG_WARN_OBJC_LITERAL_CONVERSION = YES;
				CLANG_WARN_OBJC_ROOT_CLASS = YES_ERROR;
				CLANG_WARN_RANGE_LOOP_ANALYSIS = YES;
				CLANG_WARN_STRICT_PROTOTYPES = YES;
				CLANG_WARN_SUSPICIOUS_MOVE = YES;
				CLANG_WARN_UNGUARDED_AVAILABILITY = YES_AGGRESSIVE;
				CLANG_WARN_UNREACHABLE_CODE = YES;
				CLANG_WARN__DUPLICATE_METHOD_MATCH = YES;
				COPY_PHASE_STRIP = NO;
				DEBUG_INFORMATION_FORMAT = dwarf;
				ENABLE_STRICT_OBJC_MSGSEND = YES;
				ENABLE_TESTABILITY = YES;
				GCC_C_LANGUAGE_STANDARD = gnu11;
				GCC_DYNAMIC_NO_PIC = NO;
				GCC_NO_COMMON_BLOCKS = YES;
				GCC_OPTIMIZATION_LEVEL = 0;
				GCC_PREPROCESSOR_DEFINITIONS = (
					"DEBUG=1",
					"$(inherited)",
				);
				GCC_WARN_64_TO_32_BIT_CONVERSION = YES;
				GCC_WARN_ABOUT_RETURN_TYPE = YES_ERROR;
				GCC_WARN_UNDECLARED_SELECTOR = YES;
				GCC_WARN_UNINITIALIZED_AUTOS = YES_AGGRESSIVE;
				GCC_WARN_UNUSED_FUNCTION = YES;
				GCC_WARN_UNUSED_VARIABLE = YES;
				IPHONEOS_DEPLOYMENT_TARGET = 13.5;
				MTL_ENABLE_DEBUG_INFO = INCLUDE_SOURCE;
				MTL_FAST_MATH = YES;
				ONLY_ACTIVE_ARCH = YES;
				SDKROOT = iphoneos;
				SWIFT_ACTIVE_COMPILATION_CONDITIONS = DEBUG;
				SWIFT_OPTIMIZATION_LEVEL = "-Onone";
			};
			name = Debug;
		};
		A205544524BF2446001383D2 /* Release */ = {
			isa = XCBuildConfiguration;
			buildSettings = {
				ALWAYS_SEARCH_USER_PATHS = NO;
				CLANG_ANALYZER_NONNULL = YES;
				CLANG_ANALYZER_NUMBER_OBJECT_CONVERSION = YES_AGGRESSIVE;
				CLANG_CXX_LANGUAGE_STANDARD = "gnu++14";
				CLANG_CXX_LIBRARY = "libc++";
				CLANG_ENABLE_MODULES = YES;
				CLANG_ENABLE_OBJC_ARC = YES;
				CLANG_ENABLE_OBJC_WEAK = YES;
				CLANG_WARN_BLOCK_CAPTURE_AUTORELEASING = YES;
				CLANG_WARN_BOOL_CONVERSION = YES;
				CLANG_WARN_COMMA = YES;
				CLANG_WARN_CONSTANT_CONVERSION = YES;
				CLANG_WARN_DEPRECATED_OBJC_IMPLEMENTATIONS = YES;
				CLANG_WARN_DIRECT_OBJC_ISA_USAGE = YES_ERROR;
				CLANG_WARN_DOCUMENTATION_COMMENTS = YES;
				CLANG_WARN_EMPTY_BODY = YES;
				CLANG_WARN_ENUM_CONVERSION = YES;
				CLANG_WARN_INFINITE_RECURSION = YES;
				CLANG_WARN_INT_CONVERSION = YES;
				CLANG_WARN_NON_LITERAL_NULL_CONVERSION = YES;
				CLANG_WARN_OBJC_IMPLICIT_RETAIN_SELF = YES;
				CLANG_WARN_OBJC_LITERAL_CONVERSION = YES;
				CLANG_WARN_OBJC_ROOT_CLASS = YES_ERROR;
				CLANG_WARN_RANGE_LOOP_ANALYSIS = YES;
				CLANG_WARN_STRICT_PROTOTYPES = YES;
				CLANG_WARN_SUSPICIOUS_MOVE = YES;
				CLANG_WARN_UNGUARDED_AVAILABILITY = YES_AGGRESSIVE;
				CLANG_WARN_UNREACHABLE_CODE = YES;
				CLANG_WARN__DUPLICATE_METHOD_MATCH = YES;
				COPY_PHASE_STRIP = NO;
				DEBUG_INFORMATION_FORMAT = "dwarf-with-dsym";
				ENABLE_NS_ASSERTIONS = NO;
				ENABLE_STRICT_OBJC_MSGSEND = YES;
				GCC_C_LANGUAGE_STANDARD = gnu11;
				GCC_NO_COMMON_BLOCKS = YES;
				GCC_WARN_64_TO_32_BIT_CONVERSION = YES;
				GCC_WARN_ABOUT_RETURN_TYPE = YES_ERROR;
				GCC_WARN_UNDECLARED_SELECTOR = YES;
				GCC_WARN_UNINITIALIZED_AUTOS = YES_AGGRESSIVE;
				GCC_WARN_UNUSED_FUNCTION = YES;
				GCC_WARN_UNUSED_VARIABLE = YES;
				IPHONEOS_DEPLOYMENT_TARGET = 13.5;
				MTL_ENABLE_DEBUG_INFO = NO;
				MTL_FAST_MATH = YES;
				SDKROOT = iphoneos;
				SWIFT_COMPILATION_MODE = wholemodule;
				SWIFT_OPTIMIZATION_LEVEL = "-O";
				VALIDATE_PRODUCT = YES;
			};
			name = Release;
		};
		A205544724BF2446001383D2 /* Debug */ = {
			isa = XCBuildConfiguration;
			baseConfigurationReference = 7F71BECF70AF0C5AE1C1F410 /* Pods-NewsApp.debug.xcconfig */;
			buildSettings = {
				ASSETCATALOG_COMPILER_APPICON_NAME = AppIcon;
				CODE_SIGN_STYLE = Automatic;
				DEVELOPMENT_TEAM = 65BYK5SR4J;
				FRAMEWORK_SEARCH_PATHS = (
					"$(inherited)",
					"$(PROJECT_DIR)/Carthage/Build/iOS",
				);
				INFOPLIST_FILE = "$(SRCROOT)/Info.plist";
				LD_RUNPATH_SEARCH_PATHS = (
					"$(inherited)",
					"@executable_path/Frameworks",
				);
				PRODUCT_BUNDLE_IDENTIFIER = com.victorylink.NewsApp;
				PRODUCT_NAME = "$(TARGET_NAME)";
				SWIFT_VERSION = 5.0;
				TARGETED_DEVICE_FAMILY = "1,2";
			};
			name = Debug;
		};
		A205544824BF2446001383D2 /* Release */ = {
			isa = XCBuildConfiguration;
			baseConfigurationReference = 1FC5FB7203CBFE9DF30DACB4 /* Pods-NewsApp.release.xcconfig */;
			buildSettings = {
				ASSETCATALOG_COMPILER_APPICON_NAME = AppIcon;
				CODE_SIGN_STYLE = Automatic;
				DEVELOPMENT_TEAM = 65BYK5SR4J;
				FRAMEWORK_SEARCH_PATHS = (
					"$(inherited)",
					"$(PROJECT_DIR)/Carthage/Build/iOS",
				);
				INFOPLIST_FILE = "$(SRCROOT)/Info.plist";
				LD_RUNPATH_SEARCH_PATHS = (
					"$(inherited)",
					"@executable_path/Frameworks",
				);
				PRODUCT_BUNDLE_IDENTIFIER = com.victorylink.NewsApp;
				PRODUCT_NAME = "$(TARGET_NAME)";
				SWIFT_VERSION = 5.0;
				TARGETED_DEVICE_FAMILY = "1,2";
			};
			name = Release;
		};
		A205544A24BF2446001383D2 /* Debug */ = {
			isa = XCBuildConfiguration;
			baseConfigurationReference = 91361075ABF2B9D3CA0196A0 /* Pods-NewsAppTests.debug.xcconfig */;
			buildSettings = {
				ALWAYS_EMBED_SWIFT_STANDARD_LIBRARIES = YES;
				BUNDLE_LOADER = "$(TEST_HOST)";
				CODE_SIGN_STYLE = Automatic;
				INFOPLIST_FILE = NewsAppTests/Info.plist;
				IPHONEOS_DEPLOYMENT_TARGET = 13.5;
				LD_RUNPATH_SEARCH_PATHS = (
					"$(inherited)",
					"@executable_path/Frameworks",
					"@loader_path/Frameworks",
				);
				PRODUCT_BUNDLE_IDENTIFIER = com.victorylink.NewsAppTests;
				PRODUCT_NAME = "$(TARGET_NAME)";
				SWIFT_VERSION = 5.0;
				TARGETED_DEVICE_FAMILY = "1,2";
				TEST_HOST = "$(BUILT_PRODUCTS_DIR)/NewsApp.app/NewsApp";
			};
			name = Debug;
		};
		A205544B24BF2446001383D2 /* Release */ = {
			isa = XCBuildConfiguration;
			baseConfigurationReference = 7894C6248EF4BB7511098215 /* Pods-NewsAppTests.release.xcconfig */;
			buildSettings = {
				ALWAYS_EMBED_SWIFT_STANDARD_LIBRARIES = YES;
				BUNDLE_LOADER = "$(TEST_HOST)";
				CODE_SIGN_STYLE = Automatic;
				INFOPLIST_FILE = NewsAppTests/Info.plist;
				IPHONEOS_DEPLOYMENT_TARGET = 13.5;
				LD_RUNPATH_SEARCH_PATHS = (
					"$(inherited)",
					"@executable_path/Frameworks",
					"@loader_path/Frameworks",
				);
				PRODUCT_BUNDLE_IDENTIFIER = com.victorylink.NewsAppTests;
				PRODUCT_NAME = "$(TARGET_NAME)";
				SWIFT_VERSION = 5.0;
				TARGETED_DEVICE_FAMILY = "1,2";
				TEST_HOST = "$(BUILT_PRODUCTS_DIR)/NewsApp.app/NewsApp";
			};
			name = Release;
		};
		A2538D5D24F2801F00897CCB /* Debug */ = {
			isa = XCBuildConfiguration;
			buildSettings = {
				BUNDLE_LOADER = "$(TEST_HOST)";
				CODE_SIGN_STYLE = Automatic;
				INFOPLIST_FILE = NewsAppTestTarget/Info.plist;
				LD_RUNPATH_SEARCH_PATHS = (
					"$(inherited)",
					"@executable_path/Frameworks",
					"@loader_path/Frameworks",
				);
				PRODUCT_BUNDLE_IDENTIFIER = com.victorylink.NewsAppTestTarget;
				PRODUCT_NAME = "$(TARGET_NAME)";
				SWIFT_VERSION = 5.0;
				TARGETED_DEVICE_FAMILY = "1,2";
				TEST_HOST = "$(BUILT_PRODUCTS_DIR)/NewsApp.app/NewsApp";
			};
			name = Debug;
		};
		A2538D5E24F2801F00897CCB /* Release */ = {
			isa = XCBuildConfiguration;
			buildSettings = {
				BUNDLE_LOADER = "$(TEST_HOST)";
				CODE_SIGN_STYLE = Automatic;
				INFOPLIST_FILE = NewsAppTestTarget/Info.plist;
				LD_RUNPATH_SEARCH_PATHS = (
					"$(inherited)",
					"@executable_path/Frameworks",
					"@loader_path/Frameworks",
				);
				PRODUCT_BUNDLE_IDENTIFIER = com.victorylink.NewsAppTestTarget;
				PRODUCT_NAME = "$(TARGET_NAME)";
				SWIFT_VERSION = 5.0;
				TARGETED_DEVICE_FAMILY = "1,2";
				TEST_HOST = "$(BUILT_PRODUCTS_DIR)/NewsApp.app/NewsApp";
			};
			name = Release;
		};
/* End XCBuildConfiguration section */

/* Begin XCConfigurationList section */
		A205541724BF2441001383D2 /* Build configuration list for PBXProject "NewsApp" */ = {
			isa = XCConfigurationList;
			buildConfigurations = (
				A205544424BF2446001383D2 /* Debug */,
				A205544524BF2446001383D2 /* Release */,
			);
			defaultConfigurationIsVisible = 0;
			defaultConfigurationName = Release;
		};
		A205544624BF2446001383D2 /* Build configuration list for PBXNativeTarget "NewsApp" */ = {
			isa = XCConfigurationList;
			buildConfigurations = (
				A205544724BF2446001383D2 /* Debug */,
				A205544824BF2446001383D2 /* Release */,
			);
			defaultConfigurationIsVisible = 0;
			defaultConfigurationName = Release;
		};
		A205544924BF2446001383D2 /* Build configuration list for PBXNativeTarget "NewsAppTests" */ = {
			isa = XCConfigurationList;
			buildConfigurations = (
				A205544A24BF2446001383D2 /* Debug */,
				A205544B24BF2446001383D2 /* Release */,
			);
			defaultConfigurationIsVisible = 0;
			defaultConfigurationName = Release;
		};
		A2538D5C24F2801F00897CCB /* Build configuration list for PBXNativeTarget "NewsAppTestTarget" */ = {
			isa = XCConfigurationList;
			buildConfigurations = (
				A2538D5D24F2801F00897CCB /* Debug */,
				A2538D5E24F2801F00897CCB /* Release */,
			);
			defaultConfigurationIsVisible = 0;
			defaultConfigurationName = Release;
		};
/* End XCConfigurationList section */
	};
	rootObject = A205541424BF2441001383D2 /* Project object */;
}
